# This file is automatically @generated by Poetry 1.8.3 and should not be changed by hand.

[[package]]
name = "importlib-resources"
version = "6.4.0"
description = "Read resources from Python packages"
optional = false
python-versions = ">=3.8"
files = [
    {file = "importlib_resources-6.4.0-py3-none-any.whl", hash = "sha256:50d10f043df931902d4194ea07ec57960f66a80449ff867bfe782b4c486ba78c"},
    {file = "importlib_resources-6.4.0.tar.gz", hash = "sha256:cdb2b453b8046ca4e3798eb1d84f3cce1446a0e8e7b5ef4efb600f19fc398145"},
]

[package.extras]
docs = ["furo", "jaraco.packaging (>=9.3)", "jaraco.tidelift (>=1.4)", "rst.linker (>=1.9)", "sphinx (<7.2.5)", "sphinx (>=3.5)", "sphinx-lint"]
testing = ["jaraco.test (>=5.4)", "pytest (>=6)", "pytest-checkdocs (>=2.4)", "pytest-cov", "pytest-enabler (>=2.2)", "pytest-mypy", "pytest-ruff (>=0.2.1)", "zipp (>=3.17)"]

[[package]]
name = "packaging"
version = "24.1"
description = "Core utilities for Python packages"
optional = false
python-versions = ">=3.8"
files = [
    {file = "packaging-24.1-py3-none-any.whl", hash = "sha256:5b8f2217dbdbd2f7f384c41c628544e6d52f2d0f53c6d0c3ea61aa5d1d7ff124"},
    {file = "packaging-24.1.tar.gz", hash = "sha256:026ed72c8ed3fcce5bf8950572258698927fd1dbda10a5e981cdf0ac37f4f002"},
]

[[package]]
name = "pip"
version = "24.1"
description = "The PyPA recommended tool for installing Python packages."
optional = false
python-versions = ">=3.8"
files = [
    {file = "pip-24.1-py3-none-any.whl", hash = "sha256:a775837439bf5da2c1a0c2fa43d5744854497c689ddbd9344cf3ea6d00598540"},
    {file = "pip-24.1.tar.gz", hash = "sha256:bdae551038c0ce6a83030b4aedef27fc95f0daa683593fea22fa05e55ed8e317"},
]

[[package]]
name = "pypiserver"
version = "2.1.1"
description = "A minimal PyPI server for use with pip/easy_install."
optional = false
python-versions = ">=3.6"
files = [
    {file = "pypiserver-2.1.1-py2.py3-none-any.whl", hash = "sha256:8c7ed96b2f76f2843e4a27002846bd7ebb7217e143cf60456ee6fa2a415c2d73"},
    {file = "pypiserver-2.1.1.tar.gz", hash = "sha256:3f15a94969265add2ef44a035117b8dd18d7525af871ed58ac2571276293579b"},
]

[package.dependencies]
importlib-resources = {version = "*", markers = "python_version > \"3.8\" and python_version < \"3.12\""}
packaging = ">=23.2"
pip = ">=7"

[package.extras]
cache = ["watchdog"]
passlib = ["passlib (>=1.6)"]

[metadata]
lock-version = "2.0"
python-versions = ">=3.10,<3.13"
content-hash = "0f9e8c791df90a4e1b14c8407698ab79754bdd1e722557b9f1e66dbdb798aa2f"
